# THIS IS AN AUTOGENERATED FILE. DO NOT EDIT THIS FILE DIRECTLY.
# yarn lockfile v1


microsecond@^0.0.1:
  version "0.0.1"
  resolved "https://registry.nlark.com/microsecond/download/microsecond-0.0.1.tgz#ef50267b6ec1111597d7e694417ea6f4d2d0fbc2"
  integrity sha1-71Ame27BERWX1+aUQX6m9NLQ+8I=

microseconds@^0.2.0:
  version "0.2.0"
  resolved "http://registry.npm.360es.cn/microseconds/download/microseconds-0.2.0.tgz#233b25f50c62a65d861f978a4a4f8ec18797dc39"
  integrity sha1-Izsl9Qxipl2GH5eKSk+OwYeX3Dk=
